
Microsoft Visual Studio Solution File, Format Version 12.00
Project("{FAE04EC0-301F-11D3-BF4B-00C04F79EFBC}") = "Bot", "Bot\Bot.csproj", "{8E0859FF-7182-4362-B6A9-A55FFC8AA0E0}"
EndProject
Project("{FAE04EC0-301F-11D3-BF4B-00C04F79EFBC}") = "Data", "Data\Data.csproj", "{6865FA5B-4B92-47F2-B234-D64A613A22F8}"
EndProject
Project("{2150E333-8FDC-42A3-9474-1A3956D46DE8}") = "BotServices", "BotServices", "{3B61004A-A899-49D6-BE66-51E9FBB666B3}"
EndProject
Project("{FAE04EC0-301F-11D3-BF4B-00C04F79EFBC}") = "BotServices.MoBot", "BotServices.MoBot\BotServices.MoBot.csproj", "{C6F15610-59C2-4914-99E5-6749EAB0669A}"
EndProject
Project("{FAE04EC0-301F-11D3-BF4B-00C04F79EFBC}") = "BotServices.Commands", "BotServices.Commands\BotServices.Commands.csproj", "{407559D7-145F-4862-9D79-0A8DD625CDCE}"
EndProject
Project("{FAE04EC0-301F-11D3-BF4B-00C04F79EFBC}") = "BotServices.Mappers", "BotServices.Mappers\BotServices.Mappers.csproj", "{B72A99B6-4FFF-4C3A-9FAA-E5C34C558EF0}"
EndProject
Project("{FAE04EC0-301F-11D3-BF4B-00C04F79EFBC}") = "BotServices.Services", "BotServices.Services\BotServices.Services.csproj", "{E92630CB-5E6C-4BC4-9983-84B7B976F8DD}"
EndProject
Project("{FAE04EC0-301F-11D3-BF4B-00C04F79EFBC}") = "BotServices.Entities", "BotServices.Entities\BotServices.Entities.csproj", "{8DA5FB16-AFD2-4FD8-BABC-8566DA7CF0C7}"
EndProject
Global
	GlobalSection(SolutionConfigurationPlatforms) = preSolution
		Debug|Any CPU = Debug|Any CPU
		Release|Any CPU = Release|Any CPU
	EndGlobalSection
	GlobalSection(ProjectConfigurationPlatforms) = postSolution
		{8E0859FF-7182-4362-B6A9-A55FFC8AA0E0}.Debug|Any CPU.ActiveCfg = Debug|Any CPU
		{8E0859FF-7182-4362-B6A9-A55FFC8AA0E0}.Debug|Any CPU.Build.0 = Debug|Any CPU
		{8E0859FF-7182-4362-B6A9-A55FFC8AA0E0}.Release|Any CPU.ActiveCfg = Release|Any CPU
		{8E0859FF-7182-4362-B6A9-A55FFC8AA0E0}.Release|Any CPU.Build.0 = Release|Any CPU
		{6865FA5B-4B92-47F2-B234-D64A613A22F8}.Debug|Any CPU.ActiveCfg = Debug|Any CPU
		{6865FA5B-4B92-47F2-B234-D64A613A22F8}.Debug|Any CPU.Build.0 = Debug|Any CPU
		{6865FA5B-4B92-47F2-B234-D64A613A22F8}.Release|Any CPU.ActiveCfg = Release|Any CPU
		{6865FA5B-4B92-47F2-B234-D64A613A22F8}.Release|Any CPU.Build.0 = Release|Any CPU
		{C6F15610-59C2-4914-99E5-6749EAB0669A}.Debug|Any CPU.ActiveCfg = Debug|Any CPU
		{C6F15610-59C2-4914-99E5-6749EAB0669A}.Debug|Any CPU.Build.0 = Debug|Any CPU
		{C6F15610-59C2-4914-99E5-6749EAB0669A}.Release|Any CPU.ActiveCfg = Release|Any CPU
		{C6F15610-59C2-4914-99E5-6749EAB0669A}.Release|Any CPU.Build.0 = Release|Any CPU
		{407559D7-145F-4862-9D79-0A8DD625CDCE}.Debug|Any CPU.ActiveCfg = Debug|Any CPU
		{407559D7-145F-4862-9D79-0A8DD625CDCE}.Debug|Any CPU.Build.0 = Debug|Any CPU
		{407559D7-145F-4862-9D79-0A8DD625CDCE}.Release|Any CPU.ActiveCfg = Release|Any CPU
		{407559D7-145F-4862-9D79-0A8DD625CDCE}.Release|Any CPU.Build.0 = Release|Any CPU
		{B72A99B6-4FFF-4C3A-9FAA-E5C34C558EF0}.Debug|Any CPU.ActiveCfg = Debug|Any CPU
		{B72A99B6-4FFF-4C3A-9FAA-E5C34C558EF0}.Debug|Any CPU.Build.0 = Debug|Any CPU
		{B72A99B6-4FFF-4C3A-9FAA-E5C34C558EF0}.Release|Any CPU.ActiveCfg = Release|Any CPU
		{B72A99B6-4FFF-4C3A-9FAA-E5C34C558EF0}.Release|Any CPU.Build.0 = Release|Any CPU
		{E92630CB-5E6C-4BC4-9983-84B7B976F8DD}.Debug|Any CPU.ActiveCfg = Debug|Any CPU
		{E92630CB-5E6C-4BC4-9983-84B7B976F8DD}.Debug|Any CPU.Build.0 = Debug|Any CPU
		{E92630CB-5E6C-4BC4-9983-84B7B976F8DD}.Release|Any CPU.ActiveCfg = Release|Any CPU
		{E92630CB-5E6C-4BC4-9983-84B7B976F8DD}.Release|Any CPU.Build.0 = Release|Any CPU
		{8DA5FB16-AFD2-4FD8-BABC-8566DA7CF0C7}.Debug|Any CPU.ActiveCfg = Debug|Any CPU
		{8DA5FB16-AFD2-4FD8-BABC-8566DA7CF0C7}.Debug|Any CPU.Build.0 = Debug|Any CPU
		{8DA5FB16-AFD2-4FD8-BABC-8566DA7CF0C7}.Release|Any CPU.ActiveCfg = Release|Any CPU
		{8DA5FB16-AFD2-4FD8-BABC-8566DA7CF0C7}.Release|Any CPU.Build.0 = Release|Any CPU
	EndGlobalSection
	GlobalSection(NestedProjects) = preSolution
		{C6F15610-59C2-4914-99E5-6749EAB0669A} = {3B61004A-A899-49D6-BE66-51E9FBB666B3}
		{407559D7-145F-4862-9D79-0A8DD625CDCE} = {3B61004A-A899-49D6-BE66-51E9FBB666B3}
		{B72A99B6-4FFF-4C3A-9FAA-E5C34C558EF0} = {3B61004A-A899-49D6-BE66-51E9FBB666B3}
		{E92630CB-5E6C-4BC4-9983-84B7B976F8DD} = {3B61004A-A899-49D6-BE66-51E9FBB666B3}
		{8DA5FB16-AFD2-4FD8-BABC-8566DA7CF0C7} = {3B61004A-A899-49D6-BE66-51E9FBB666B3}
	EndGlobalSection
EndGlobal
