
Microsoft Visual Studio Solution File, Format Version 12.00
Project("{FAE04EC0-301F-11D3-BF4B-00C04F79EFBC}") = "Bot", "Bot\Bot.csproj", "{8E0859FF-7182-4362-B6A9-A55FFC8AA0E0}"
EndProject
Project("{FAE04EC0-301F-11D3-BF4B-00C04F79EFBC}") = "Data.EFCore", "Data.EFCore\Data.EFCore.csproj", "{6865FA5B-4B92-47F2-B234-D64A613A22F8}"
EndProject
Project("{2150E333-8FDC-42A3-9474-1A3956D46DE8}") = "Domain", "Domain", "{A6F3EDBE-2483-4D8A-9356-509E59809844}"
EndProject
Project("{2150E333-8FDC-42A3-9474-1A3956D46DE8}") = "Data", "Data", "{D5129517-0225-46BB-8A36-46B430F4F9E2}"
EndProject
Project("{FAE04EC0-301F-11D3-BF4B-00C04F79EFBC}") = "Domain.Bot", "Domain.Bot\Domain.Bot.csproj", "{DAF569EB-55E0-415D-8129-28B6497D559F}"
EndProject
Project("{FAE04EC0-301F-11D3-BF4B-00C04F79EFBC}") = "Data.Entities", "Data\Data.Entities\Data.Entities.csproj", "{DB564E08-4BC9-43F2-B266-C3504E2AE6B3}"
EndProject
Project("{FAE04EC0-301F-11D3-BF4B-00C04F79EFBC}") = "Data.Abstractions", "Data\Data.Abstractions\Data.Abstractions.csproj", "{F9BAE9B7-5D78-4AC4-A1F6-FB4758AB24DE}"
EndProject
Project("{FAE04EC0-301F-11D3-BF4B-00C04F79EFBC}") = "Domain.Exceptions", "Domain.Exceptions\Domain.Exceptions.csproj", "{A781D645-8275-4341-A9B7-162BFF76D583}"
EndProject
Project("{FAE04EC0-301F-11D3-BF4B-00C04F79EFBC}") = "Domain.Options", "Domain.Options\Domain.Options.csproj", "{D58D57B8-224B-4AF6-ABC6-6064BAE04BEA}"
EndProject
Project("{FAE04EC0-301F-11D3-BF4B-00C04F79EFBC}") = "Domain.Autocompletes", "Domain.Autocompletes\Domain.Autocompletes.csproj", "{92A673A8-8538-4F30-9641-E6F6C4E4B275}"
EndProject
Project("{FAE04EC0-301F-11D3-BF4B-00C04F79EFBC}") = "Domain.Services", "Domain.Services\Domain.Services.csproj", "{E6DBCBD2-D865-4BB2-97F7-A5EE0383EC37}"
EndProject
Project("{FAE04EC0-301F-11D3-BF4B-00C04F79EFBC}") = "Domain.Factories", "Domain.Factories\Domain.Factories.csproj", "{D1D09F69-772B-4369-BB12-1EE8CFDDF70C}"
EndProject
Project("{FAE04EC0-301F-11D3-BF4B-00C04F79EFBC}") = "Domain.Dispatcher", "Domain.Dispatcher\Domain.Dispatcher.csproj", "{B21FA01C-0D32-40A0-8F0D-0D54C9F3430D}"
EndProject
Global
	GlobalSection(SolutionConfigurationPlatforms) = preSolution
		Debug|Any CPU = Debug|Any CPU
		Release|Any CPU = Release|Any CPU
	EndGlobalSection
	GlobalSection(ProjectConfigurationPlatforms) = postSolution
		{8E0859FF-7182-4362-B6A9-A55FFC8AA0E0}.Debug|Any CPU.ActiveCfg = Debug|Any CPU
		{8E0859FF-7182-4362-B6A9-A55FFC8AA0E0}.Debug|Any CPU.Build.0 = Debug|Any CPU
		{8E0859FF-7182-4362-B6A9-A55FFC8AA0E0}.Release|Any CPU.ActiveCfg = Release|Any CPU
		{8E0859FF-7182-4362-B6A9-A55FFC8AA0E0}.Release|Any CPU.Build.0 = Release|Any CPU
		{6865FA5B-4B92-47F2-B234-D64A613A22F8}.Debug|Any CPU.ActiveCfg = Debug|Any CPU
		{6865FA5B-4B92-47F2-B234-D64A613A22F8}.Debug|Any CPU.Build.0 = Debug|Any CPU
		{6865FA5B-4B92-47F2-B234-D64A613A22F8}.Release|Any CPU.ActiveCfg = Release|Any CPU
		{6865FA5B-4B92-47F2-B234-D64A613A22F8}.Release|Any CPU.Build.0 = Release|Any CPU
		{DAF569EB-55E0-415D-8129-28B6497D559F}.Debug|Any CPU.ActiveCfg = Debug|Any CPU
		{DAF569EB-55E0-415D-8129-28B6497D559F}.Debug|Any CPU.Build.0 = Debug|Any CPU
		{DAF569EB-55E0-415D-8129-28B6497D559F}.Release|Any CPU.ActiveCfg = Release|Any CPU
		{DAF569EB-55E0-415D-8129-28B6497D559F}.Release|Any CPU.Build.0 = Release|Any CPU
		{DB564E08-4BC9-43F2-B266-C3504E2AE6B3}.Debug|Any CPU.ActiveCfg = Debug|Any CPU
		{DB564E08-4BC9-43F2-B266-C3504E2AE6B3}.Debug|Any CPU.Build.0 = Debug|Any CPU
		{DB564E08-4BC9-43F2-B266-C3504E2AE6B3}.Release|Any CPU.ActiveCfg = Release|Any CPU
		{DB564E08-4BC9-43F2-B266-C3504E2AE6B3}.Release|Any CPU.Build.0 = Release|Any CPU
		{F9BAE9B7-5D78-4AC4-A1F6-FB4758AB24DE}.Debug|Any CPU.ActiveCfg = Debug|Any CPU
		{F9BAE9B7-5D78-4AC4-A1F6-FB4758AB24DE}.Debug|Any CPU.Build.0 = Debug|Any CPU
		{F9BAE9B7-5D78-4AC4-A1F6-FB4758AB24DE}.Release|Any CPU.ActiveCfg = Release|Any CPU
		{F9BAE9B7-5D78-4AC4-A1F6-FB4758AB24DE}.Release|Any CPU.Build.0 = Release|Any CPU
		{A781D645-8275-4341-A9B7-162BFF76D583}.Debug|Any CPU.ActiveCfg = Debug|Any CPU
		{A781D645-8275-4341-A9B7-162BFF76D583}.Debug|Any CPU.Build.0 = Debug|Any CPU
		{A781D645-8275-4341-A9B7-162BFF76D583}.Release|Any CPU.ActiveCfg = Release|Any CPU
		{A781D645-8275-4341-A9B7-162BFF76D583}.Release|Any CPU.Build.0 = Release|Any CPU
		{D58D57B8-224B-4AF6-ABC6-6064BAE04BEA}.Debug|Any CPU.ActiveCfg = Debug|Any CPU
		{D58D57B8-224B-4AF6-ABC6-6064BAE04BEA}.Debug|Any CPU.Build.0 = Debug|Any CPU
		{D58D57B8-224B-4AF6-ABC6-6064BAE04BEA}.Release|Any CPU.ActiveCfg = Release|Any CPU
		{D58D57B8-224B-4AF6-ABC6-6064BAE04BEA}.Release|Any CPU.Build.0 = Release|Any CPU
		{92A673A8-8538-4F30-9641-E6F6C4E4B275}.Debug|Any CPU.ActiveCfg = Debug|Any CPU
		{92A673A8-8538-4F30-9641-E6F6C4E4B275}.Debug|Any CPU.Build.0 = Debug|Any CPU
		{92A673A8-8538-4F30-9641-E6F6C4E4B275}.Release|Any CPU.ActiveCfg = Release|Any CPU
		{92A673A8-8538-4F30-9641-E6F6C4E4B275}.Release|Any CPU.Build.0 = Release|Any CPU
		{E6DBCBD2-D865-4BB2-97F7-A5EE0383EC37}.Debug|Any CPU.ActiveCfg = Debug|Any CPU
		{E6DBCBD2-D865-4BB2-97F7-A5EE0383EC37}.Debug|Any CPU.Build.0 = Debug|Any CPU
		{E6DBCBD2-D865-4BB2-97F7-A5EE0383EC37}.Release|Any CPU.ActiveCfg = Release|Any CPU
		{E6DBCBD2-D865-4BB2-97F7-A5EE0383EC37}.Release|Any CPU.Build.0 = Release|Any CPU
		{D1D09F69-772B-4369-BB12-1EE8CFDDF70C}.Debug|Any CPU.ActiveCfg = Debug|Any CPU
		{D1D09F69-772B-4369-BB12-1EE8CFDDF70C}.Debug|Any CPU.Build.0 = Debug|Any CPU
		{D1D09F69-772B-4369-BB12-1EE8CFDDF70C}.Release|Any CPU.ActiveCfg = Release|Any CPU
		{D1D09F69-772B-4369-BB12-1EE8CFDDF70C}.Release|Any CPU.Build.0 = Release|Any CPU
		{B21FA01C-0D32-40A0-8F0D-0D54C9F3430D}.Debug|Any CPU.ActiveCfg = Debug|Any CPU
		{B21FA01C-0D32-40A0-8F0D-0D54C9F3430D}.Debug|Any CPU.Build.0 = Debug|Any CPU
		{B21FA01C-0D32-40A0-8F0D-0D54C9F3430D}.Release|Any CPU.ActiveCfg = Release|Any CPU
		{B21FA01C-0D32-40A0-8F0D-0D54C9F3430D}.Release|Any CPU.Build.0 = Release|Any CPU
	EndGlobalSection
	GlobalSection(NestedProjects) = preSolution
		{6865FA5B-4B92-47F2-B234-D64A613A22F8} = {D5129517-0225-46BB-8A36-46B430F4F9E2}
		{DB564E08-4BC9-43F2-B266-C3504E2AE6B3} = {D5129517-0225-46BB-8A36-46B430F4F9E2}
		{F9BAE9B7-5D78-4AC4-A1F6-FB4758AB24DE} = {D5129517-0225-46BB-8A36-46B430F4F9E2}
		{A781D645-8275-4341-A9B7-162BFF76D583} = {A6F3EDBE-2483-4D8A-9356-509E59809844}
		{D58D57B8-224B-4AF6-ABC6-6064BAE04BEA} = {A6F3EDBE-2483-4D8A-9356-509E59809844}
		{DAF569EB-55E0-415D-8129-28B6497D559F} = {A6F3EDBE-2483-4D8A-9356-509E59809844}
		{92A673A8-8538-4F30-9641-E6F6C4E4B275} = {A6F3EDBE-2483-4D8A-9356-509E59809844}
		{E6DBCBD2-D865-4BB2-97F7-A5EE0383EC37} = {A6F3EDBE-2483-4D8A-9356-509E59809844}
		{D1D09F69-772B-4369-BB12-1EE8CFDDF70C} = {A6F3EDBE-2483-4D8A-9356-509E59809844}
		{B21FA01C-0D32-40A0-8F0D-0D54C9F3430D} = {A6F3EDBE-2483-4D8A-9356-509E59809844}
	EndGlobalSection
EndGlobal
